// !$*UTF8*$!
{
	archiveVersion = 1;
	classes = {
	};
	objectVersion = 46;
	objects = {

/* Begin PBXBuildFile section */
		8475331E1FEF8BEF00C60091 /* DataModel.swift in Sources */ = {isa = PBXBuildFile; fileRef = 8475331C1FEF8BEF00C60091 /* DataModel.swift */; };
		847533221FEF8C1600C60091 /* DatabaseExplorer.xcdatamodeld in Sources */ = {isa = PBXBuildFile; fileRef = 847533201FEF8C1600C60091 /* DatabaseExplorer.xcdatamodeld */; };
		84EEF54C1F8931EC00377293 /* AppDelegate.swift in Sources */ = {isa = PBXBuildFile; fileRef = 84EEF54B1F8931EC00377293 /* AppDelegate.swift */; };
		84EEF5531F8931EC00377293 /* Assets.xcassets in Resources */ = {isa = PBXBuildFile; fileRef = 84EEF5521F8931EC00377293 /* Assets.xcassets */; };
		871C6E93200C9E23009619FF /* Teacher+CoreDataClass.swift in Sources */ = {isa = PBXBuildFile; fileRef = 871C6E77200C9E23009619FF /* Teacher+CoreDataClass.swift */; };
		871C6E94200C9E23009619FF /* Group+CoreDataProperties.swift in Sources */ = {isa = PBXBuildFile; fileRef = 871C6E78200C9E23009619FF /* Group+CoreDataProperties.swift */; };
		871C6E95200C9E23009619FF /* Object+CoreDataProperties.swift in Sources */ = {isa = PBXBuildFile; fileRef = 871C6E79200C9E23009619FF /* Object+CoreDataProperties.swift */; };
		871C6E96200C9E23009619FF /* EducationalDepartment+CoreDataClass.swift in Sources */ = {isa = PBXBuildFile; fileRef = 871C6E7A200C9E23009619FF /* EducationalDepartment+CoreDataClass.swift */; };
		871C6E97200C9E23009619FF /* Worker+CoreDataProperties.swift in Sources */ = {isa = PBXBuildFile; fileRef = 871C6E7B200C9E23009619FF /* Worker+CoreDataProperties.swift */; };
		871C6E98200C9E23009619FF /* Person+CoreDataClass.swift in Sources */ = {isa = PBXBuildFile; fileRef = 871C6E7C200C9E23009619FF /* Person+CoreDataClass.swift */; };
		871C6E99200C9E23009619FF /* Subject+CoreDataClass.swift in Sources */ = {isa = PBXBuildFile; fileRef = 871C6E7D200C9E23009619FF /* Subject+CoreDataClass.swift */; };
		871C6E9A200C9E23009619FF /* Student+CoreDataClass.swift in Sources */ = {isa = PBXBuildFile; fileRef = 871C6E7E200C9E23009619FF /* Student+CoreDataClass.swift */; };
		871C6E9B200C9E23009619FF /* Person+CoreDataProperties.swift in Sources */ = {isa = PBXBuildFile; fileRef = 871C6E7F200C9E23009619FF /* Person+CoreDataProperties.swift */; };
		871C6E9C200C9E23009619FF /* University+CoreDataClass.swift in Sources */ = {isa = PBXBuildFile; fileRef = 871C6E80200C9E23009619FF /* University+CoreDataClass.swift */; };
		871C6E9D200C9E23009619FF /* Object+CoreDataClass.swift in Sources */ = {isa = PBXBuildFile; fileRef = 871C6E81200C9E23009619FF /* Object+CoreDataClass.swift */; };
		871C6E9E200C9E23009619FF /* Faculty+CoreDataProperties.swift in Sources */ = {isa = PBXBuildFile; fileRef = 871C6E82200C9E23009619FF /* Faculty+CoreDataProperties.swift */; };
		871C6E9F200C9E23009619FF /* College+CoreDataClass.swift in Sources */ = {isa = PBXBuildFile; fileRef = 871C6E83200C9E23009619FF /* College+CoreDataClass.swift */; };
		871C6EA0200C9E23009619FF /* Address+CoreDataProperties.swift in Sources */ = {isa = PBXBuildFile; fileRef = 871C6E84200C9E23009619FF /* Address+CoreDataProperties.swift */; };
		871C6EA1200C9E23009619FF /* Address+CoreDataClass.swift in Sources */ = {isa = PBXBuildFile; fileRef = 871C6E85200C9E23009619FF /* Address+CoreDataClass.swift */; };
		871C6EA2200C9E23009619FF /* College+CoreDataProperties.swift in Sources */ = {isa = PBXBuildFile; fileRef = 871C6E86200C9E23009619FF /* College+CoreDataProperties.swift */; };
		871C6EA3200C9E23009619FF /* EducationalDepartment+CoreDataProperties.swift in Sources */ = {isa = PBXBuildFile; fileRef = 871C6E87200C9E23009619FF /* EducationalDepartment+CoreDataProperties.swift */; };
		871C6EA4200C9E23009619FF /* Building+CoreDataProperties.swift in Sources */ = {isa = PBXBuildFile; fileRef = 871C6E88200C9E23009619FF /* Building+CoreDataProperties.swift */; };
		871C6EA5200C9E23009619FF /* Teacher+CoreDataProperties.swift in Sources */ = {isa = PBXBuildFile; fileRef = 871C6E89200C9E23009619FF /* Teacher+CoreDataProperties.swift */; };
		871C6EA6200C9E23009619FF /* Subject+CoreDataProperties.swift in Sources */ = {isa = PBXBuildFile; fileRef = 871C6E8A200C9E23009619FF /* Subject+CoreDataProperties.swift */; };
		871C6EA7200C9E23009619FF /* Student+CoreDataProperties.swift in Sources */ = {isa = PBXBuildFile; fileRef = 871C6E8B200C9E23009619FF /* Student+CoreDataProperties.swift */; };
		871C6EA8200C9E23009619FF /* Faculty+CoreDataClass.swift in Sources */ = {isa = PBXBuildFile; fileRef = 871C6E8C200C9E23009619FF /* Faculty+CoreDataClass.swift */; };
		871C6EA9200C9E23009619FF /* Department+CoreDataClass.swift in Sources */ = {isa = PBXBuildFile; fileRef = 871C6E8D200C9E23009619FF /* Department+CoreDataClass.swift */; };
		871C6EAA200C9E23009619FF /* University+CoreDataProperties.swift in Sources */ = {isa = PBXBuildFile; fileRef = 871C6E8E200C9E23009619FF /* University+CoreDataProperties.swift */; };
		871C6EAB200C9E23009619FF /* Worker+CoreDataClass.swift in Sources */ = {isa = PBXBuildFile; fileRef = 871C6E8F200C9E23009619FF /* Worker+CoreDataClass.swift */; };
		871C6EAC200C9E23009619FF /* Building+CoreDataClass.swift in Sources */ = {isa = PBXBuildFile; fileRef = 871C6E90200C9E23009619FF /* Building+CoreDataClass.swift */; };
		871C6EAD200C9E23009619FF /* Group+CoreDataClass.swift in Sources */ = {isa = PBXBuildFile; fileRef = 871C6E91200C9E23009619FF /* Group+CoreDataClass.swift */; };
		871C6EAE200C9E23009619FF /* Department+CoreDataProperties.swift in Sources */ = {isa = PBXBuildFile; fileRef = 871C6E92200C9E23009619FF /* Department+CoreDataProperties.swift */; };
		871C6EB3200C9F6D009619FF /* ViewController.swift in Sources */ = {isa = PBXBuildFile; fileRef = 871C6EB1200C9F6D009619FF /* ViewController.swift */; };
		871C6EB4200C9F6D009619FF /* Main.storyboard in Resources */ = {isa = PBXBuildFile; fileRef = 871C6EB2200C9F6D009619FF /* Main.storyboard */; };
		871C6EB9200CC689009619FF /* Constants.swift in Sources */ = {isa = PBXBuildFile; fileRef = 871C6EB8200CC689009619FF /* Constants.swift */; };
		8765AE292017431A000AE0A1 /* FormVC.swift in Sources */ = {isa = PBXBuildFile; fileRef = 8765AE272017431A000AE0A1 /* FormVC.swift */; };
		87895258201208D300056C11 /* FormPresenter.swift in Sources */ = {isa = PBXBuildFile; fileRef = 87895257201208D300056C11 /* FormPresenter.swift */; };
		8789525A20120CDC00056C11 /* FormFactory.swift in Sources */ = {isa = PBXBuildFile; fileRef = 8789525920120CDC00056C11 /* FormFactory.swift */; };
		8789526120120FCB00056C11 /* Forms.storyboard in Resources */ = {isa = PBXBuildFile; fileRef = 8789525F20120FCB00056C11 /* Forms.storyboard */; };
		87895263201214E600056C11 /* TypeSelectionVC.swift in Sources */ = {isa = PBXBuildFile; fileRef = 87895262201214E600056C11 /* TypeSelectionVC.swift */; };
		87895265201218C700056C11 /* Protocols.swift in Sources */ = {isa = PBXBuildFile; fileRef = 87895264201218C700056C11 /* Protocols.swift */; };
/* End PBXBuildFile section */

/* Begin PBXFileReference section */
		8475331C1FEF8BEF00C60091 /* DataModel.swift */ = {isa = PBXFileReference; fileEncoding = 4; lastKnownFileType = sourcecode.swift; path = DataModel.swift; sourceTree = "<group>"; };
		847533211FEF8C1600C60091 /* DatabaseExplorer.xcdatamodel */ = {isa = PBXFileReference; lastKnownFileType = wrapper.xcdatamodel; path = DatabaseExplorer.xcdatamodel; sourceTree = "<group>"; };
		84EEF5481F8931EC00377293 /* DatabaseExplorer.app */ = {isa = PBXFileReference; explicitFileType = wrapper.application; includeInIndex = 0; path = DatabaseExplorer.app; sourceTree = BUILT_PRODUCTS_DIR; };
		84EEF54B1F8931EC00377293 /* AppDelegate.swift */ = {isa = PBXFileReference; lastKnownFileType = sourcecode.swift; path = AppDelegate.swift; sourceTree = "<group>"; };
		84EEF5521F8931EC00377293 /* Assets.xcassets */ = {isa = PBXFileReference; lastKnownFileType = folder.assetcatalog; path = Assets.xcassets; sourceTree = "<group>"; };
		84EEF55D1F8931F900377293 /* DatabaseExplorer.entitlements */ = {isa = PBXFileReference; lastKnownFileType = text.plist.entitlements; path = DatabaseExplorer.entitlements; sourceTree = "<group>"; };
		871C6E77200C9E23009619FF /* Teacher+CoreDataClass.swift */ = {isa = PBXFileReference; fileEncoding = 4; lastKnownFileType = sourcecode.swift; path = "Teacher+CoreDataClass.swift"; sourceTree = "<group>"; };
		871C6E78200C9E23009619FF /* Group+CoreDataProperties.swift */ = {isa = PBXFileReference; fileEncoding = 4; lastKnownFileType = sourcecode.swift; path = "Group+CoreDataProperties.swift"; sourceTree = "<group>"; };
		871C6E79200C9E23009619FF /* Object+CoreDataProperties.swift */ = {isa = PBXFileReference; fileEncoding = 4; lastKnownFileType = sourcecode.swift; path = "Object+CoreDataProperties.swift"; sourceTree = "<group>"; };
		871C6E7A200C9E23009619FF /* EducationalDepartment+CoreDataClass.swift */ = {isa = PBXFileReference; fileEncoding = 4; lastKnownFileType = sourcecode.swift; path = "EducationalDepartment+CoreDataClass.swift"; sourceTree = "<group>"; };
		871C6E7B200C9E23009619FF /* Worker+CoreDataProperties.swift */ = {isa = PBXFileReference; fileEncoding = 4; lastKnownFileType = sourcecode.swift; path = "Worker+CoreDataProperties.swift"; sourceTree = "<group>"; };
		871C6E7C200C9E23009619FF /* Person+CoreDataClass.swift */ = {isa = PBXFileReference; fileEncoding = 4; lastKnownFileType = sourcecode.swift; path = "Person+CoreDataClass.swift"; sourceTree = "<group>"; };
		871C6E7D200C9E23009619FF /* Subject+CoreDataClass.swift */ = {isa = PBXFileReference; fileEncoding = 4; lastKnownFileType = sourcecode.swift; path = "Subject+CoreDataClass.swift"; sourceTree = "<group>"; };
		871C6E7E200C9E23009619FF /* Student+CoreDataClass.swift */ = {isa = PBXFileReference; fileEncoding = 4; lastKnownFileType = sourcecode.swift; path = "Student+CoreDataClass.swift"; sourceTree = "<group>"; };
		871C6E7F200C9E23009619FF /* Person+CoreDataProperties.swift */ = {isa = PBXFileReference; fileEncoding = 4; lastKnownFileType = sourcecode.swift; path = "Person+CoreDataProperties.swift"; sourceTree = "<group>"; };
		871C6E80200C9E23009619FF /* University+CoreDataClass.swift */ = {isa = PBXFileReference; fileEncoding = 4; lastKnownFileType = sourcecode.swift; path = "University+CoreDataClass.swift"; sourceTree = "<group>"; };
		871C6E81200C9E23009619FF /* Object+CoreDataClass.swift */ = {isa = PBXFileReference; fileEncoding = 4; lastKnownFileType = sourcecode.swift; path = "Object+CoreDataClass.swift"; sourceTree = "<group>"; };
		871C6E82200C9E23009619FF /* Faculty+CoreDataProperties.swift */ = {isa = PBXFileReference; fileEncoding = 4; lastKnownFileType = sourcecode.swift; path = "Faculty+CoreDataProperties.swift"; sourceTree = "<group>"; };
		871C6E83200C9E23009619FF /* College+CoreDataClass.swift */ = {isa = PBXFileReference; fileEncoding = 4; lastKnownFileType = sourcecode.swift; path = "College+CoreDataClass.swift"; sourceTree = "<group>"; };
		871C6E84200C9E23009619FF /* Address+CoreDataProperties.swift */ = {isa = PBXFileReference; fileEncoding = 4; lastKnownFileType = sourcecode.swift; path = "Address+CoreDataProperties.swift"; sourceTree = "<group>"; };
		871C6E85200C9E23009619FF /* Address+CoreDataClass.swift */ = {isa = PBXFileReference; fileEncoding = 4; lastKnownFileType = sourcecode.swift; path = "Address+CoreDataClass.swift"; sourceTree = "<group>"; };
		871C6E86200C9E23009619FF /* College+CoreDataProperties.swift */ = {isa = PBXFileReference; fileEncoding = 4; lastKnownFileType = sourcecode.swift; path = "College+CoreDataProperties.swift"; sourceTree = "<group>"; };
		871C6E87200C9E23009619FF /* EducationalDepartment+CoreDataProperties.swift */ = {isa = PBXFileReference; fileEncoding = 4; lastKnownFileType = sourcecode.swift; path = "EducationalDepartment+CoreDataProperties.swift"; sourceTree = "<group>"; };
		871C6E88200C9E23009619FF /* Building+CoreDataProperties.swift */ = {isa = PBXFileReference; fileEncoding = 4; lastKnownFileType = sourcecode.swift; path = "Building+CoreDataProperties.swift"; sourceTree = "<group>"; };
		871C6E89200C9E23009619FF /* Teacher+CoreDataProperties.swift */ = {isa = PBXFileReference; fileEncoding = 4; lastKnownFileType = sourcecode.swift; path = "Teacher+CoreDataProperties.swift"; sourceTree = "<group>"; };
		871C6E8A200C9E23009619FF /* Subject+CoreDataProperties.swift */ = {isa = PBXFileReference; fileEncoding = 4; lastKnownFileType = sourcecode.swift; path = "Subject+CoreDataProperties.swift"; sourceTree = "<group>"; };
		871C6E8B200C9E23009619FF /* Student+CoreDataProperties.swift */ = {isa = PBXFileReference; fileEncoding = 4; lastKnownFileType = sourcecode.swift; path = "Student+CoreDataProperties.swift"; sourceTree = "<group>"; };
		871C6E8C200C9E23009619FF /* Faculty+CoreDataClass.swift */ = {isa = PBXFileReference; fileEncoding = 4; lastKnownFileType = sourcecode.swift; path = "Faculty+CoreDataClass.swift"; sourceTree = "<group>"; };
		871C6E8D200C9E23009619FF /* Department+CoreDataClass.swift */ = {isa = PBXFileReference; fileEncoding = 4; lastKnownFileType = sourcecode.swift; path = "Department+CoreDataClass.swift"; sourceTree = "<group>"; };
		871C6E8E200C9E23009619FF /* University+CoreDataProperties.swift */ = {isa = PBXFileReference; fileEncoding = 4; lastKnownFileType = sourcecode.swift; path = "University+CoreDataProperties.swift"; sourceTree = "<group>"; };
		871C6E8F200C9E23009619FF /* Worker+CoreDataClass.swift */ = {isa = PBXFileReference; fileEncoding = 4; lastKnownFileType = sourcecode.swift; path = "Worker+CoreDataClass.swift"; sourceTree = "<group>"; };
		871C6E90200C9E23009619FF /* Building+CoreDataClass.swift */ = {isa = PBXFileReference; fileEncoding = 4; lastKnownFileType = sourcecode.swift; path = "Building+CoreDataClass.swift"; sourceTree = "<group>"; };
		871C6E91200C9E23009619FF /* Group+CoreDataClass.swift */ = {isa = PBXFileReference; fileEncoding = 4; lastKnownFileType = sourcecode.swift; path = "Group+CoreDataClass.swift"; sourceTree = "<group>"; };
		871C6E92200C9E23009619FF /* Department+CoreDataProperties.swift */ = {isa = PBXFileReference; fileEncoding = 4; lastKnownFileType = sourcecode.swift; path = "Department+CoreDataProperties.swift"; sourceTree = "<group>"; };
		871C6EB1200C9F6D009619FF /* ViewController.swift */ = {isa = PBXFileReference; fileEncoding = 4; lastKnownFileType = sourcecode.swift; path = ViewController.swift; sourceTree = "<group>"; };
		871C6EB2200C9F6D009619FF /* Main.storyboard */ = {isa = PBXFileReference; fileEncoding = 4; lastKnownFileType = file.storyboard; path = Main.storyboard; sourceTree = "<group>"; };
		871C6EB6200CC67D009619FF /* Info.plist */ = {isa = PBXFileReference; fileEncoding = 4; lastKnownFileType = text.plist.xml; path = Info.plist; sourceTree = "<group>"; };
		871C6EB8200CC689009619FF /* Constants.swift */ = {isa = PBXFileReference; lastKnownFileType = sourcecode.swift; path = Constants.swift; sourceTree = "<group>"; };
		8765AE272017431A000AE0A1 /* FormVC.swift */ = {isa = PBXFileReference; lastKnownFileType = sourcecode.swift; path = FormVC.swift; sourceTree = "<group>"; };
		87895257201208D300056C11 /* FormPresenter.swift */ = {isa = PBXFileReference; fileEncoding = 4; lastKnownFileType = sourcecode.swift; path = FormPresenter.swift; sourceTree = "<group>"; };
		8789525920120CDC00056C11 /* FormFactory.swift */ = {isa = PBXFileReference; lastKnownFileType = sourcecode.swift; path = FormFactory.swift; sourceTree = "<group>"; };
		8789525F20120FCB00056C11 /* Forms.storyboard */ = {isa = PBXFileReference; fileEncoding = 4; lastKnownFileType = file.storyboard; path = Forms.storyboard; sourceTree = "<group>"; };
		87895262201214E600056C11 /* TypeSelectionVC.swift */ = {isa = PBXFileReference; lastKnownFileType = sourcecode.swift; path = TypeSelectionVC.swift; sourceTree = "<group>"; };
		87895264201218C700056C11 /* Protocols.swift */ = {isa = PBXFileReference; lastKnownFileType = sourcecode.swift; path = Protocols.swift; sourceTree = "<group>"; };
/* End PBXFileReference section */

/* Begin PBXFrameworksBuildPhase section */
		84EEF5451F8931EC00377293 /* Frameworks */ = {
			isa = PBXFrameworksBuildPhase;
			buildActionMask = 2147483647;
			files = (
			);
			runOnlyForDeploymentPostprocessing = 0;
		};
/* End PBXFrameworksBuildPhase section */

/* Begin PBXGroup section */
		8475331B1FEF8BEF00C60091 /* DataModel */ = {
			isa = PBXGroup;
			children = (
				871C6E76200C9E23009619FF /* Entities */,
				847533201FEF8C1600C60091 /* DatabaseExplorer.xcdatamodeld */,
				8475331C1FEF8BEF00C60091 /* DataModel.swift */,
				87895264201218C700056C11 /* Protocols.swift */,
			);
			path = DataModel;
			sourceTree = "<group>";
		};
		84EEF53F1F8931EC00377293 = {
			isa = PBXGroup;
			children = (
				84EEF54A1F8931EC00377293 /* DatabaseExplorer */,
				84EEF5491F8931EC00377293 /* Products */,
			);
			sourceTree = "<group>";
		};
		84EEF5491F8931EC00377293 /* Products */ = {
			isa = PBXGroup;
			children = (
				84EEF5481F8931EC00377293 /* DatabaseExplorer.app */,
			);
			name = Products;
			sourceTree = "<group>";
		};
		84EEF54A1F8931EC00377293 /* DatabaseExplorer */ = {
			isa = PBXGroup;
			children = (
				8475331B1FEF8BEF00C60091 /* DataModel */,
				84EEF55D1F8931F900377293 /* DatabaseExplorer.entitlements */,
				84EEF54B1F8931EC00377293 /* AppDelegate.swift */,
				84EEF5521F8931EC00377293 /* Assets.xcassets */,
				8789525D20120FCB00056C11 /* CustomUI */,
				87895256201208D300056C11 /* Helpers */,
				871C6EB5200CC67D009619FF /* Recources */,
				871C6EAF200C9F6D009619FF /* Stories */,
			);
			path = DatabaseExplorer;
			sourceTree = "<group>";
		};
		871C6E76200C9E23009619FF /* Entities */ = {
			isa = PBXGroup;
			children = (
				871C6E85200C9E23009619FF /* Address+CoreDataClass.swift */,
				871C6E84200C9E23009619FF /* Address+CoreDataProperties.swift */,
				871C6E90200C9E23009619FF /* Building+CoreDataClass.swift */,
				871C6E83200C9E23009619FF /* College+CoreDataClass.swift */,
				871C6E86200C9E23009619FF /* College+CoreDataProperties.swift */,
				871C6E8D200C9E23009619FF /* Department+CoreDataClass.swift */,
				871C6E92200C9E23009619FF /* Department+CoreDataProperties.swift */,
				871C6E7A200C9E23009619FF /* EducationalDepartment+CoreDataClass.swift */,
				871C6E87200C9E23009619FF /* EducationalDepartment+CoreDataProperties.swift */,
				871C6E8C200C9E23009619FF /* Faculty+CoreDataClass.swift */,
				871C6E82200C9E23009619FF /* Faculty+CoreDataProperties.swift */,
				871C6E91200C9E23009619FF /* Group+CoreDataClass.swift */,
				871C6E78200C9E23009619FF /* Group+CoreDataProperties.swift */,
				871C6E81200C9E23009619FF /* Object+CoreDataClass.swift */,
				871C6E88200C9E23009619FF /* Building+CoreDataProperties.swift */,
				871C6E79200C9E23009619FF /* Object+CoreDataProperties.swift */,
				871C6E7C200C9E23009619FF /* Person+CoreDataClass.swift */,
				871C6E7F200C9E23009619FF /* Person+CoreDataProperties.swift */,
				871C6E7E200C9E23009619FF /* Student+CoreDataClass.swift */,
				871C6E8B200C9E23009619FF /* Student+CoreDataProperties.swift */,
				871C6E7D200C9E23009619FF /* Subject+CoreDataClass.swift */,
				871C6E8A200C9E23009619FF /* Subject+CoreDataProperties.swift */,
				871C6E77200C9E23009619FF /* Teacher+CoreDataClass.swift */,
				871C6E89200C9E23009619FF /* Teacher+CoreDataProperties.swift */,
				871C6E80200C9E23009619FF /* University+CoreDataClass.swift */,
				871C6E8E200C9E23009619FF /* University+CoreDataProperties.swift */,
				871C6E8F200C9E23009619FF /* Worker+CoreDataClass.swift */,
				871C6E7B200C9E23009619FF /* Worker+CoreDataProperties.swift */,
			);
			path = Entities;
			sourceTree = "<group>";
		};
		871C6EAF200C9F6D009619FF /* Stories */ = {
			isa = PBXGroup;
			children = (
				871C6EB0200C9F6D009619FF /* Main */,
			);
			path = Stories;
			sourceTree = "<group>";
		};
		871C6EB0200C9F6D009619FF /* Main */ = {
			isa = PBXGroup;
			children = (
				871C6EB1200C9F6D009619FF /* ViewController.swift */,
				871C6EB2200C9F6D009619FF /* Main.storyboard */,
			);
			path = Main;
			sourceTree = "<group>";
		};
		871C6EB5200CC67D009619FF /* Recources */ = {
			isa = PBXGroup;
			children = (
				871C6EB6200CC67D009619FF /* Info.plist */,
				871C6EB8200CC689009619FF /* Constants.swift */,
			);
			path = Recources;
			sourceTree = "<group>";
		};
		87895256201208D300056C11 /* Helpers */ = {
			isa = PBXGroup;
			children = (
				87895257201208D300056C11 /* FormPresenter.swift */,
				8789525920120CDC00056C11 /* FormFactory.swift */,
			);
			path = Helpers;
			sourceTree = "<group>";
		};
		8789525D20120FCB00056C11 /* CustomUI */ = {
			isa = PBXGroup;
			children = (
				8789525E20120FCB00056C11 /* Windows */,
			);
			path = CustomUI;
			sourceTree = "<group>";
		};
		8789525E20120FCB00056C11 /* Windows */ = {
			isa = PBXGroup;
			children = (
				8765AE272017431A000AE0A1 /* FormVC.swift */,
				87895262201214E600056C11 /* TypeSelectionVC.swift */,
				8789525F20120FCB00056C11 /* Forms.storyboard */,
			);
			path = Windows;
			sourceTree = "<group>";
		};
/* End PBXGroup section */

/* Begin PBXNativeTarget section */
		84EEF5471F8931EC00377293 /* DatabaseExplorer */ = {
			isa = PBXNativeTarget;
			buildConfigurationList = 84EEF55A1F8931EC00377293 /* Build configuration list for PBXNativeTarget "DatabaseExplorer" */;
			buildPhases = (
				84EEF5441F8931EC00377293 /* Sources */,
				84EEF5451F8931EC00377293 /* Frameworks */,
				84EEF5461F8931EC00377293 /* Resources */,
			);
			buildRules = (
			);
			dependencies = (
			);
			name = DatabaseExplorer;
			productName = DatabaseExplorer;
			productReference = 84EEF5481F8931EC00377293 /* DatabaseExplorer.app */;
			productType = "com.apple.product-type.application";
		};
/* End PBXNativeTarget section */

/* Begin PBXProject section */
		84EEF5401F8931EC00377293 /* Project object */ = {
			isa = PBXProject;
			attributes = {
				LastSwiftUpdateCheck = 0830;
				LastUpgradeCheck = 0920;
				ORGANIZATIONNAME = rstakhiv;
				TargetAttributes = {
					84EEF5471F8931EC00377293 = {
						CreatedOnToolsVersion = 8.3.3;
						LastSwiftMigration = 0920;
						ProvisioningStyle = Automatic;
						SystemCapabilities = {
							com.apple.Sandbox = {
								enabled = 1;
							};
						};
					};
				};
			};
			buildConfigurationList = 84EEF5431F8931EC00377293 /* Build configuration list for PBXProject "DatabaseExplorer" */;
			compatibilityVersion = "Xcode 3.2";
			developmentRegion = English;
			hasScannedForEncodings = 0;
			knownRegions = (
				en,
				Base,
			);
			mainGroup = 84EEF53F1F8931EC00377293;
			productRefGroup = 84EEF5491F8931EC00377293 /* Products */;
			projectDirPath = "";
			projectRoot = "";
			targets = (
				84EEF5471F8931EC00377293 /* DatabaseExplorer */,
			);
		};
/* End PBXProject section */

/* Begin PBXResourcesBuildPhase section */
		84EEF5461F8931EC00377293 /* Resources */ = {
			isa = PBXResourcesBuildPhase;
			buildActionMask = 2147483647;
			files = (
				84EEF5531F8931EC00377293 /* Assets.xcassets in Resources */,
				8789526120120FCB00056C11 /* Forms.storyboard in Resources */,
				871C6EB4200C9F6D009619FF /* Main.storyboard in Resources */,
			);
			runOnlyForDeploymentPostprocessing = 0;
		};
/* End PBXResourcesBuildPhase section */

/* Begin PBXSourcesBuildPhase section */
		84EEF5441F8931EC00377293 /* Sources */ = {
			isa = PBXSourcesBuildPhase;
			buildActionMask = 2147483647;
			files = (
				871C6EA8200C9E23009619FF /* Faculty+CoreDataClass.swift in Sources */,
				871C6EB9200CC689009619FF /* Constants.swift in Sources */,
				871C6E9D200C9E23009619FF /* Object+CoreDataClass.swift in Sources */,
				871C6E9B200C9E23009619FF /* Person+CoreDataProperties.swift in Sources */,
				871C6E9F200C9E23009619FF /* College+CoreDataClass.swift in Sources */,
				871C6EAD200C9E23009619FF /* Group+CoreDataClass.swift in Sources */,
				871C6E98200C9E23009619FF /* Person+CoreDataClass.swift in Sources */,
				871C6EA4200C9E23009619FF /* Building+CoreDataProperties.swift in Sources */,
				87895258201208D300056C11 /* FormPresenter.swift in Sources */,
				871C6EA0200C9E23009619FF /* Address+CoreDataProperties.swift in Sources */,
				871C6EAC200C9E23009619FF /* Building+CoreDataClass.swift in Sources */,
				8475331E1FEF8BEF00C60091 /* DataModel.swift in Sources */,
				871C6EA2200C9E23009619FF /* College+CoreDataProperties.swift in Sources */,
				871C6E9A200C9E23009619FF /* Student+CoreDataClass.swift in Sources */,
				84EEF54C1F8931EC00377293 /* AppDelegate.swift in Sources */,
				871C6EA9200C9E23009619FF /* Department+CoreDataClass.swift in Sources */,
				871C6EB3200C9F6D009619FF /* ViewController.swift in Sources */,
				871C6EA7200C9E23009619FF /* Student+CoreDataProperties.swift in Sources */,
				871C6EA5200C9E23009619FF /* Teacher+CoreDataProperties.swift in Sources */,
				871C6E95200C9E23009619FF /* Object+CoreDataProperties.swift in Sources */,
				871C6EAE200C9E23009619FF /* Department+CoreDataProperties.swift in Sources */,
				8789525A20120CDC00056C11 /* FormFactory.swift in Sources */,
				871C6E99200C9E23009619FF /* Subject+CoreDataClass.swift in Sources */,
				871C6EA1200C9E23009619FF /* Address+CoreDataClass.swift in Sources */,
				871C6EA6200C9E23009619FF /* Subject+CoreDataProperties.swift in Sources */,
				871C6E97200C9E23009619FF /* Worker+CoreDataProperties.swift in Sources */,
				871C6E9E200C9E23009619FF /* Faculty+CoreDataProperties.swift in Sources */,
				871C6E96200C9E23009619FF /* EducationalDepartment+CoreDataClass.swift in Sources */,
				871C6E93200C9E23009619FF /* Teacher+CoreDataClass.swift in Sources */,
				847533221FEF8C1600C60091 /* DatabaseExplorer.xcdatamodeld in Sources */,
				871C6EAA200C9E23009619FF /* University+CoreDataProperties.swift in Sources */,
				871C6E9C200C9E23009619FF /* University+CoreDataClass.swift in Sources */,
				871C6E94200C9E23009619FF /* Group+CoreDataProperties.swift in Sources */,
				87895263201214E600056C11 /* TypeSelectionVC.swift in Sources */,
				8765AE292017431A000AE0A1 /* FormVC.swift in Sources */,
				871C6EA3200C9E23009619FF /* EducationalDepartment+CoreDataProperties.swift in Sources */,
				87895265201218C700056C11 /* Protocols.swift in Sources */,
				871C6EAB200C9E23009619FF /* Worker+CoreDataClass.swift in Sources */,
			);
			runOnlyForDeploymentPostprocessing = 0;
		};
/* End PBXSourcesBuildPhase section */

/* Begin XCBuildConfiguration section */
		84EEF5581F8931EC00377293 /* Debug */ = {
			isa = XCBuildConfiguration;
			buildSettings = {
				ALWAYS_SEARCH_USER_PATHS = NO;
				CLANG_ANALYZER_NONNULL = YES;
				CLANG_ANALYZER_NUMBER_OBJECT_CONVERSION = YES_AGGRESSIVE;
				CLANG_CXX_LANGUAGE_STANDARD = "gnu++0x";
				CLANG_CXX_LIBRARY = "libc++";
				CLANG_ENABLE_MODULES = YES;
				CLANG_ENABLE_OBJC_ARC = YES;
				CLANG_WARN_BLOCK_CAPTURE_AUTORELEASING = YES;
				CLANG_WARN_BOOL_CONVERSION = YES;
				CLANG_WARN_COMMA = YES;
				CLANG_WARN_CONSTANT_CONVERSION = YES;
				CLANG_WARN_DIRECT_OBJC_ISA_USAGE = YES_ERROR;
				CLANG_WARN_DOCUMENTATION_COMMENTS = YES;
				CLANG_WARN_EMPTY_BODY = YES;
				CLANG_WARN_ENUM_CONVERSION = YES;
				CLANG_WARN_INFINITE_RECURSION = YES;
				CLANG_WARN_INT_CONVERSION = YES;
				CLANG_WARN_NON_LITERAL_NULL_CONVERSION = YES;
				CLANG_WARN_OBJC_LITERAL_CONVERSION = YES;
				CLANG_WARN_OBJC_ROOT_CLASS = YES_ERROR;
				CLANG_WARN_RANGE_LOOP_ANALYSIS = YES;
				CLANG_WARN_STRICT_PROTOTYPES = YES;
				CLANG_WARN_SUSPICIOUS_MOVE = YES;
				CLANG_WARN_UNREACHABLE_CODE = YES;
				CLANG_WARN__DUPLICATE_METHOD_MATCH = YES;
				CODE_SIGN_IDENTITY = "-";
				COPY_PHASE_STRIP = NO;
				DEBUG_INFORMATION_FORMAT = dwarf;
				ENABLE_STRICT_OBJC_MSGSEND = YES;
				ENABLE_TESTABILITY = YES;
				GCC_C_LANGUAGE_STANDARD = gnu99;
				GCC_DYNAMIC_NO_PIC = NO;
				GCC_NO_COMMON_BLOCKS = YES;
				GCC_OPTIMIZATION_LEVEL = 0;
				GCC_PREPROCESSOR_DEFINITIONS = (
					"DEBUG=1",
					"$(inherited)",
				);
				GCC_WARN_64_TO_32_BIT_CONVERSION = YES;
				GCC_WARN_ABOUT_RETURN_TYPE = YES_ERROR;
				GCC_WARN_UNDECLARED_SELECTOR = YES;
				GCC_WARN_UNINITIALIZED_AUTOS = YES_AGGRESSIVE;
				GCC_WARN_UNUSED_FUNCTION = YES;
				GCC_WARN_UNUSED_VARIABLE = YES;
				MACOSX_DEPLOYMENT_TARGET = 10.12;
				MTL_ENABLE_DEBUG_INFO = YES;
				ONLY_ACTIVE_ARCH = YES;
				SDKROOT = macosx;
				SWIFT_ACTIVE_COMPILATION_CONDITIONS = DEBUG;
				SWIFT_OPTIMIZATION_LEVEL = "-Onone";
			};
			name = Debug;
		};
		84EEF5591F8931EC00377293 /* Release */ = {
			isa = XCBuildConfiguration;
			buildSettings = {
				ALWAYS_SEARCH_USER_PATHS = NO;
				CLANG_ANALYZER_NONNULL = YES;
				CLANG_ANALYZER_NUMBER_OBJECT_CONVERSION = YES_AGGRESSIVE;
				CLANG_CXX_LANGUAGE_STANDARD = "gnu++0x";
				CLANG_CXX_LIBRARY = "libc++";
				CLANG_ENABLE_MODULES = YES;
				CLANG_ENABLE_OBJC_ARC = YES;
				CLANG_WARN_BLOCK_CAPTURE_AUTORELEASING = YES;
				CLANG_WARN_BOOL_CONVERSION = YES;
				CLANG_WARN_COMMA = YES;
				CLANG_WARN_CONSTANT_CONVERSION = YES;
				CLANG_WARN_DIRECT_OBJC_ISA_USAGE = YES_ERROR;
				CLANG_WARN_DOCUMENTATION_COMMENTS = YES;
				CLANG_WARN_EMPTY_BODY = YES;
				CLANG_WARN_ENUM_CONVERSION = YES;
				CLANG_WARN_INFINITE_RECURSION = YES;
				CLANG_WARN_INT_CONVERSION = YES;
				CLANG_WARN_NON_LITERAL_NULL_CONVERSION = YES;
				CLANG_WARN_OBJC_LITERAL_CONVERSION = YES;
				CLANG_WARN_OBJC_ROOT_CLASS = YES_ERROR;
				CLANG_WARN_RANGE_LOOP_ANALYSIS = YES;
				CLANG_WARN_STRICT_PROTOTYPES = YES;
				CLANG_WARN_SUSPICIOUS_MOVE = YES;
				CLANG_WARN_UNREACHABLE_CODE = YES;
				CLANG_WARN__DUPLICATE_METHOD_MATCH = YES;
				CODE_SIGN_IDENTITY = "-";
				COPY_PHASE_STRIP = NO;
				DEBUG_INFORMATION_FORMAT = "dwarf-with-dsym";
				ENABLE_NS_ASSERTIONS = NO;
				ENABLE_STRICT_OBJC_MSGSEND = YES;
				GCC_C_LANGUAGE_STANDARD = gnu99;
				GCC_NO_COMMON_BLOCKS = YES;
				GCC_WARN_64_TO_32_BIT_CONVERSION = YES;
				GCC_WARN_ABOUT_RETURN_TYPE = YES_ERROR;
				GCC_WARN_UNDECLARED_SELECTOR = YES;
				GCC_WARN_UNINITIALIZED_AUTOS = YES_AGGRESSIVE;
				GCC_WARN_UNUSED_FUNCTION = YES;
				GCC_WARN_UNUSED_VARIABLE = YES;
				MACOSX_DEPLOYMENT_TARGET = 10.12;
				MTL_ENABLE_DEBUG_INFO = NO;
				SDKROOT = macosx;
				SWIFT_OPTIMIZATION_LEVEL = "-Owholemodule";
			};
			name = Release;
		};
		84EEF55B1F8931EC00377293 /* Debug */ = {
			isa = XCBuildConfiguration;
			buildSettings = {
				ASSETCATALOG_COMPILER_APPICON_NAME = AppIcon;
				CODE_SIGN_ENTITLEMENTS = DatabaseExplorer/DatabaseExplorer.entitlements;
				COMBINE_HIDPI_IMAGES = YES;
				INFOPLIST_FILE = "$(SRCROOT)/DatabaseExplorer/Recources/Info.plist";
				LD_RUNPATH_SEARCH_PATHS = "$(inherited) @executable_path/../Frameworks";
				PRODUCT_BUNDLE_IDENTIFIER = rstakhiv.DatabaseExplorer;
				PRODUCT_NAME = "$(TARGET_NAME)";
				SWIFT_SWIFT3_OBJC_INFERENCE = Default;
				SWIFT_VERSION = 4.0;
			};
			name = Debug;
		};
		84EEF55C1F8931EC00377293 /* Release */ = {
			isa = XCBuildConfiguration;
			buildSettings = {
				ASSETCATALOG_COMPILER_APPICON_NAME = AppIcon;
				CODE_SIGN_ENTITLEMENTS = DatabaseExplorer/DatabaseExplorer.entitlements;
				COMBINE_HIDPI_IMAGES = YES;
				INFOPLIST_FILE = "$(SRCROOT)/DatabaseExplorer/Recources/Info.plist";
				LD_RUNPATH_SEARCH_PATHS = "$(inherited) @executable_path/../Frameworks";
				PRODUCT_BUNDLE_IDENTIFIER = rstakhiv.DatabaseExplorer;
				PRODUCT_NAME = "$(TARGET_NAME)";
				SWIFT_SWIFT3_OBJC_INFERENCE = Default;
				SWIFT_VERSION = 4.0;
			};
			name = Release;
		};
/* End XCBuildConfiguration section */

/* Begin XCConfigurationList section */
		84EEF5431F8931EC00377293 /* Build configuration list for PBXProject "DatabaseExplorer" */ = {
			isa = XCConfigurationList;
			buildConfigurations = (
				84EEF5581F8931EC00377293 /* Debug */,
				84EEF5591F8931EC00377293 /* Release */,
			);
			defaultConfigurationIsVisible = 0;
			defaultConfigurationName = Release;
		};
		84EEF55A1F8931EC00377293 /* Build configuration list for PBXNativeTarget "DatabaseExplorer" */ = {
			isa = XCConfigurationList;
			buildConfigurations = (
				84EEF55B1F8931EC00377293 /* Debug */,
				84EEF55C1F8931EC00377293 /* Release */,
			);
			defaultConfigurationIsVisible = 0;
			defaultConfigurationName = Release;
		};
/* End XCConfigurationList section */

/* Begin XCVersionGroup section */
		847533201FEF8C1600C60091 /* DatabaseExplorer.xcdatamodeld */ = {
			isa = XCVersionGroup;
			children = (
				847533211FEF8C1600C60091 /* DatabaseExplorer.xcdatamodel */,
			);
			currentVersion = 847533211FEF8C1600C60091 /* DatabaseExplorer.xcdatamodel */;
			path = DatabaseExplorer.xcdatamodeld;
			sourceTree = "<group>";
			versionGroupType = wrapper.xcdatamodel;
		};
/* End XCVersionGroup section */
	};
	rootObject = 84EEF5401F8931EC00377293 /* Project object */;
}
